
Microsoft Visual Studio Solution File, Format Version 12.00
# Visual Studio 15
VisualStudioVersion = 15.0.27428.2027
MinimumVisualStudioVersion = 10.0.40219.1
Project("{8BC9CEB8-8B4A-11D0-8D11-00A0C91BC942}") = "ChernoLessons", "ChernoLessons\ChernoLessons.vcxproj", "{224DFC61-1B8E-4141-A16A-9A33B151C9AE}"
EndProject
Global
	GlobalSection(SolutionConfigurationPlatforms) = preSolution
		Debug|x64 = Debug|x64
		Release|x64 = Release|x64
	EndGlobalSection
	GlobalSection(ProjectConfigurationPlatforms) = postSolution
		{224DFC61-1B8E-4141-A16A-9A33B151C9AE}.Debug|x64.ActiveCfg = Debug|x64
		{224DFC61-1B8E-4141-A16A-9A33B151C9AE}.Debug|x64.Build.0 = Debug|x64
		{224DFC61-1B8E-4141-A16A-9A33B151C9AE}.Release|x64.ActiveCfg = Release|x64
		{224DFC61-1B8E-4141-A16A-9A33B151C9AE}.Release|x64.Build.0 = Release|x64
	EndGlobalSection
	GlobalSection(SolutionProperties) = preSolution
		HideSolutionNode = FALSE
	EndGlobalSection
	GlobalSection(ExtensibilityGlobals) = postSolution
		SolutionGuid = {E3A88573-FED0-4B1F-B9FF-0F5CACCF2E7F}
	EndGlobalSection
EndGlobal
